github.com/dunv/uhelpers v1.0.13 h1:KAJeW7TXp3Sxm1gFQb14hVnvuWYhX4EUmDkRptQi1uM=
github.com/dunv/uhelpers v1.0.13/go.mod h1:Y8BAqY06wly5JR18Yh7vpPSZ7aR950QoxTAQZD5lE9E=
github.com/dunv/uhttp v1.0.60 h1:oSjYLcBY5AoDYyk7rKPqpYIi8qNl/+I+W2oUk8BSURo=
github.com/dunv/uhttp v1.0.60/go.mod h1:7uXZ/0MO8TWhIYedtKr2FysCQNSVnDP0ZkTvOFIBz1Q=
github.com/dunv/ulog v1.0.21 h1:pQI23ZYlOQxuMO2UdSyLMKEd2j7b7F9SU4fx9LVpVA0=
github.com/dunv/ulog v1.0.21/go.mod h1:JZjdPp7VISNNv33pPyoq6bbMDpunI8qEp5nQ6QhSPXA=
github.com/google/uuid v1.1.1 h1:Gkbcsh/GbpXz7lPftLA3P6TYMwjCLYm83jiFQZF/3gY=
github.com/google/uuid v1.1.1/go.mod h1:TIyPZe4MgqvfeYDBFedMoGGpEw/LqOeaOT+nhxU+yHo=
github.com/gorilla/websocket v1.4.2 h1:+/TMaTYc4QFitKJxsQ7Yye35DkWvkdLcvGKqM+x0Ufc=
github.com/gorilla/websocket v1.4.2/go.mod h1:YR8l580nyteQvAITg2hZ9XVh4b55+EU/adAjf1fMHhE=
github.com/itchio/go-brotli v0.0.0-20190702114328-3f28d645a45c h1:Jf20xV/yR/O6eSUqLTuXhka/+54YR59sGwN7b3MkxYk=
github.com/itchio/go-brotli v0.0.0-20190702114328-3f28d645a45c/go.mod h1:oRXh43p/JW9kWosasd+2kHfDpb1ec4m7YrZ5E39s1iI=
golang.org/x/crypto v0.0.0-20190308221718-c2843e01d9a2/go.mod h1:djNgcEr1/C05ACkg1iLfiJU5Ep61QUkGW8qpdssI0+w=
golang.org/x/crypto v0.0.0-20200622213623-75b288015ac9/go.mod h1:LzIPMQfyMNhhGPhUkYOs5KpL4U8rLKemX1yGLhDgUto=
golang.org/x/net v0.0.0-20190404232315-eb5bcb51f2a3/go.mod h1:t9HGtf8HONx5eT2rtn7q6eTqICYqUVnKs3thJo3Qplg=
golang.org/x/net v0.0.0-20200707034311-ab3426394381 h1:VXak5I6aEWmAXeQjA+QSZzlgNrpq9mjcfDemuexIKsU=
golang.org/x/net v0.0.0-20200707034311-ab3426394381/go.mod h1:/O7V0waA8r7cgGh81Ro3o1hOxt32SMVPicZroKQ2sZA=
golang.org/x/sys v0.0.0-20190215142949-d0b11bdaac8a/go.mod h1:STP8DvDyc/dI5b8T5hshtkjS+E42TnysNCUPdjciGhY=
golang.org/x/sys v0.0.0-20190412213103-97732733099d/go.mod h1:h1NjWce9XRLGQEsW7wpKNCjG9DtNlClVuFLEZdDNbEs=
golang.org/x/sys v0.0.0-20200323222414-85ca7c5b95cd/go.mod h1:h1NjWce9XRLGQEsW7wpKNCjG9DtNlClVuFLEZdDNbEs=
golang.org/x/text v0.3.0/go.mod h1:NqM8EUOU14njkJ3fqMW+pc6Ldnwhi/IjpwHt7yyuwOQ=
