github.com/davecgh/go-spew v1.1.0/go.mod h1:J7Y8YcW2NihsgmVo/mv3lAwl/skON4iLHjSsI+c5H38=
github.com/dgrijalva/jwt-go v3.2.0+incompatible/go.mod h1:E3ru+11k8xSBh+hMPgOLZmtrrCbhqsmaPHjLKYnJCaQ=
github.com/dunv/uauth v1.0.38/go.mod h1:aYVw/fn0J8/jVtwygctmECN4OZVhokbKXSQyots5NVE=
github.com/dunv/uauth v1.0.40/go.mod h1:YHxipwshYMt/cJKISA1hTn+6aSiWIZDF3CnB7AGnMQk=
github.com/dunv/uauth v1.0.41/go.mod h1:YHxipwshYMt/cJKISA1hTn+6aSiWIZDF3CnB7AGnMQk=
github.com/dunv/uauth v1.0.45/go.mod h1:uZ8Ml63okq3JilczBjUlj00auqc+x/I0VAh4Fqa5B28=
github.com/dunv/uhelpers v1.0.4 h1:EdxjjhT0n9CfpqQuA4V0A+GAxmFhbtNg9CB8EsHoCH8=
github.com/dunv/uhelpers v1.0.4/go.mod h1:e01Y+aVv/p2Te+5P5pZb6GiaOBce9jxDXE7bpJaBez4=
github.com/dunv/uhelpers v1.0.5 h1:zwaMGw1CjTg0tKW3fTBzurIZK353nLxaLUbe/4XuDhM=
github.com/dunv/uhelpers v1.0.5/go.mod h1:e01Y+aVv/p2Te+5P5pZb6GiaOBce9jxDXE7bpJaBez4=
github.com/dunv/uhelpers v1.0.11 h1:oaiayyaotrgSmhvUm0tFv+IyIhgTM7g211rx1Tv3hcM=
github.com/dunv/uhelpers v1.0.11/go.mod h1:Y8BAqY06wly5JR18Yh7vpPSZ7aR950QoxTAQZD5lE9E=
github.com/dunv/uhelpers v1.0.13 h1:KAJeW7TXp3Sxm1gFQb14hVnvuWYhX4EUmDkRptQi1uM=
github.com/dunv/uhelpers v1.0.13/go.mod h1:Y8BAqY06wly5JR18Yh7vpPSZ7aR950QoxTAQZD5lE9E=
github.com/dunv/uhttp v1.0.29/go.mod h1:N6QtEMbjuP8ac0+GbHs/UPwDL8+aASN6fXk166g80wU=
github.com/dunv/uhttp v1.0.32 h1:DdVDOgTPqbylA/jzJSpsy8lsBkj7XLtfWbZRUIS11Bw=
github.com/dunv/uhttp v1.0.32/go.mod h1:N6QtEMbjuP8ac0+GbHs/UPwDL8+aASN6fXk166g80wU=
github.com/dunv/uhttp v1.0.41/go.mod h1:LBljztnNWNI0Jesmt3sP21tBbCNLAG5R9+/jpRfgM6k=
github.com/dunv/uhttp v1.0.43 h1:zXrFiQRiLxCELN4nDvFb/HZmUwy3J2HUs/bo/CPm1J8=
github.com/dunv/uhttp v1.0.43/go.mod h1:LBljztnNWNI0Jesmt3sP21tBbCNLAG5R9+/jpRfgM6k=
github.com/dunv/ulog v0.0.13/go.mod h1:tLx87vZIy7+srmB52LJ8U6Exqnkj5jJ8AaA8cWQp6xs=
github.com/dunv/ulog v1.0.2 h1:FIe9GV0h4nlKXMPKfWhCsIUJaFaW8+Un5aSkKIlZKrQ=
github.com/dunv/ulog v1.0.2/go.mod h1:tLx87vZIy7+srmB52LJ8U6Exqnkj5jJ8AaA8cWQp6xs=
github.com/dunv/ulog v1.0.8/go.mod h1:tLx87vZIy7+srmB52LJ8U6Exqnkj5jJ8AaA8cWQp6xs=
github.com/dunv/ulog v1.0.9 h1:mWDBlyBXiurDIcYLTcqPOmaLjAIZIqqXNZ54TMArUoA=
github.com/dunv/ulog v1.0.9/go.mod h1:tLx87vZIy7+srmB52LJ8U6Exqnkj5jJ8AaA8cWQp6xs=
github.com/dunv/ulog v1.0.20 h1:X0wEAxfROvo9Du/wGqQ+9Oku3Ur1/mDcilDZciFsvA0=
github.com/dunv/ulog v1.0.20/go.mod h1:FZ+CtNEmE7f9EDAceYJO4QULUlfNCrHKu3mx/rzkaGI=
github.com/dunv/umongo v1.0.8/go.mod h1:GTE/PEH/OJF+EHzgrjwFI3OUSoyu0tJxHbBCg29pNng=
github.com/go-stack/stack v1.8.0/go.mod h1:v0f6uXyyMGvRgIKkXu+yp6POWl0qKG85gN/melR3HDY=
github.com/golang/snappy v0.0.1/go.mod h1:/XxbfmMg8lxefKM7IXC3fBNl/7bRcc72aCRzEWrmP2Q=
github.com/google/go-cmp v0.3.1/go.mod h1:8QqcDgzrUqlUb/G2PQTWiueGozuR1884gddMywk6iLU=
github.com/google/uuid v1.1.1 h1:Gkbcsh/GbpXz7lPftLA3P6TYMwjCLYm83jiFQZF/3gY=
github.com/google/uuid v1.1.1/go.mod h1:TIyPZe4MgqvfeYDBFedMoGGpEw/LqOeaOT+nhxU+yHo=
github.com/gorilla/websocket v1.4.1 h1:q7AeDBpnBk8AogcD4DSag/Ukw/KV+YhzLj2bP5HvKCM=
github.com/gorilla/websocket v1.4.1/go.mod h1:YR8l580nyteQvAITg2hZ9XVh4b55+EU/adAjf1fMHhE=
github.com/gorilla/websocket v1.4.2 h1:+/TMaTYc4QFitKJxsQ7Yye35DkWvkdLcvGKqM+x0Ufc=
github.com/gorilla/websocket v1.4.2/go.mod h1:YR8l580nyteQvAITg2hZ9XVh4b55+EU/adAjf1fMHhE=
github.com/pmezard/go-difflib v1.0.0/go.mod h1:iKH77koFhYxTK1pcRnkKkqfTogsbg7gZNVY4sRDYZ/4=
github.com/stretchr/objx v0.1.0/go.mod h1:HFkY916IF+rwdDfMAkV7OtwuqBVzrE8GR6GFx+wExME=
github.com/stretchr/testify v1.4.0/go.mod h1:j7eGeouHqKxXV5pUuKE4zz7dFj8WfuZ+81PSLYec5m4=
github.com/xdg/scram v0.0.0-20180814205039-7eeb5667e42c/go.mod h1:lB8K/P019DLNhemzwFU4jHLhdvlE6uDZjXFejJXr49I=
github.com/xdg/stringprep v1.0.0/go.mod h1:Jhud4/sHMO4oL310DaZAKk9ZaJ08SJfe+sJh0HrGL1Y=
go.mongodb.org/mongo-driver v1.1.0/go.mod h1:u7ryQJ+DOzQmeO7zB6MHyr8jkEQvC8vH7qLUO4lqsUM=
go.mongodb.org/mongo-driver v1.1.1/go.mod h1:u7ryQJ+DOzQmeO7zB6MHyr8jkEQvC8vH7qLUO4lqsUM=
golang.org/x/crypto v0.0.0-20190308221718-c2843e01d9a2/go.mod h1:djNgcEr1/C05ACkg1iLfiJU5Ep61QUkGW8qpdssI0+w=
golang.org/x/crypto v0.0.0-20190829043050-9756ffdc2472/go.mod h1:yigFU9vqHzYiE8UmvKecakEJjdnWj3jj499lnFckfCI=
golang.org/x/crypto v0.0.0-20190907121410-71b5226ff739/go.mod h1:yigFU9vqHzYiE8UmvKecakEJjdnWj3jj499lnFckfCI=
golang.org/x/net v0.0.0-20190404232315-eb5bcb51f2a3/go.mod h1:t9HGtf8HONx5eT2rtn7q6eTqICYqUVnKs3thJo3Qplg=
golang.org/x/sync v0.0.0-20190423024810-112230192c58/go.mod h1:RxMgew5VJxzue5/jJTE5uejpjVlOe/izrB70Jof72aM=
golang.org/x/sys v0.0.0-20190215142949-d0b11bdaac8a/go.mod h1:STP8DvDyc/dI5b8T5hshtkjS+E42TnysNCUPdjciGhY=
golang.org/x/sys v0.0.0-20190412213103-97732733099d/go.mod h1:h1NjWce9XRLGQEsW7wpKNCjG9DtNlClVuFLEZdDNbEs=
golang.org/x/text v0.3.0/go.mod h1:NqM8EUOU14njkJ3fqMW+pc6Ldnwhi/IjpwHt7yyuwOQ=
golang.org/x/text v0.3.2/go.mod h1:bEr9sfX3Q8Zfm5fL9x+3itogRgK3+ptLWKqgva+5dAk=
golang.org/x/tools v0.0.0-20180917221912-90fa682c2a6e/go.mod h1:n7NCudcB/nEzxVGmLbDWY5pfWTLqBcC2KZ6jyYvM4mQ=
gopkg.in/check.v1 v0.0.0-20161208181325-20d25e280405/go.mod h1:Co6ibVJAznAaIkqp8huTwlJQCZ016jof/cbN4VW5Yz0=
gopkg.in/yaml.v2 v2.2.2/go.mod h1:hI93XBmqTisBFMUTm0b8Fm+jr3Dg1NNxqwp+5A1VGuI=
